
Microsoft Visual Studio Solution File, Format Version 12.00
# Visual Studio Version 17
VisualStudioVersion = 17.0.31919.166
MinimumVisualStudioVersion = 10.0.40219.1
Project("{FAE04EC0-301F-11D3-BF4B-00C04F79EFBC}") = "CleanArchitecture.EntityFrameworkCore.StaticEntity", "CleanArchitecture.EntityFrameworkCore.StaticEntity\CleanArchitecture.EntityFrameworkCore.StaticEntity.csproj", "{97698043-508A-4BF7-A26B-AB24AF158F43}"
EndProject
Global
	GlobalSection(SolutionConfigurationPlatforms) = preSolution
		Debug|Any CPU = Debug|Any CPU
		Release|Any CPU = Release|Any CPU
	EndGlobalSection
	GlobalSection(ProjectConfigurationPlatforms) = postSolution
		{97698043-508A-4BF7-A26B-AB24AF158F43}.Debug|Any CPU.ActiveCfg = Debug|Any CPU
		{97698043-508A-4BF7-A26B-AB24AF158F43}.Debug|Any CPU.Build.0 = Debug|Any CPU
		{97698043-508A-4BF7-A26B-AB24AF158F43}.Release|Any CPU.ActiveCfg = Release|Any CPU
		{97698043-508A-4BF7-A26B-AB24AF158F43}.Release|Any CPU.Build.0 = Release|Any CPU
	EndGlobalSection
	GlobalSection(SolutionProperties) = preSolution
		HideSolutionNode = FALSE
	EndGlobalSection
	GlobalSection(ExtensibilityGlobals) = postSolution
		SolutionGuid = {22FEBA73-3FCD-41D3-B3A5-839BF0A0B37B}
	EndGlobalSection
EndGlobal
